# This file was autogenerated by Stack.
# You should not edit this file by hand.
# For more information, please see the documentation at:
#   https://docs.haskellstack.org/en/stable/lock_files

packages: []
snapshots:
- completed:
    size: 580416
    url: https://raw.githubusercontent.com/commercialhaskell/stackage-snapshots/master/nightly/2021/4/24.yaml
    sha256: b3dafba877d1d7c84ae270e9bc9bed4dc41631c8a55d9f407ebe40ebb10418a2
  original: nightly-2021-04-24
